
Microsoft Visual Studio Solution File, Format Version 12.00
# Visual Studio Version 17
VisualStudioVersion = 17.8.34511.84
MinimumVisualStudioVersion = 10.0.40219.1
Project("{FAE04EC0-301F-11D3-BF4B-00C04F79EFBC}") = "apimongodblucca", "apimongodblucca\apimongodblucca.csproj", "{1C33C435-B0E5-4ECB-8B61-10214CFDC95A}"
EndProject
Global
	GlobalSection(SolutionConfigurationPlatforms) = preSolution
		Debug|Any CPU = Debug|Any CPU
		Release|Any CPU = Release|Any CPU
	EndGlobalSection
	GlobalSection(ProjectConfigurationPlatforms) = postSolution
		{1C33C435-B0E5-4ECB-8B61-10214CFDC95A}.Debug|Any CPU.ActiveCfg = Debug|Any CPU
		{1C33C435-B0E5-4ECB-8B61-10214CFDC95A}.Debug|Any CPU.Build.0 = Debug|Any CPU
		{1C33C435-B0E5-4ECB-8B61-10214CFDC95A}.Release|Any CPU.ActiveCfg = Release|Any CPU
		{1C33C435-B0E5-4ECB-8B61-10214CFDC95A}.Release|Any CPU.Build.0 = Release|Any CPU
	EndGlobalSection
	GlobalSection(SolutionProperties) = preSolution
		HideSolutionNode = FALSE
	EndGlobalSection
	GlobalSection(ExtensibilityGlobals) = postSolution
		SolutionGuid = {8083FB3D-F987-4B8E-8006-1205D377373C}
	EndGlobalSection
EndGlobal
